
Microsoft Visual Studio Solution File, Format Version 12.00
# Visual Studio 2012
Project("{FAE04EC0-301F-11D3-BF4B-00C04F79EFBC}") = "MovieExplorer", "MovieExplorer\MovieExplorer.csproj", "{8C3A527E-AE5B-4BAF-8702-C29F3CFD2374}"
EndProject
Project("{FAE04EC0-301F-11D3-BF4B-00C04F79EFBC}") = "MovieExplorer.UITests", "MovieExplorer.UITests\MovieExplorer.UITests.csproj", "{DA120762-B819-41A4-A00D-8DF8912B25B3}"
EndProject
Global
	GlobalSection(SolutionConfigurationPlatforms) = preSolution
		Debug|iPhoneSimulator = Debug|iPhoneSimulator
		Release|iPhone = Release|iPhone
		Release|iPhoneSimulator = Release|iPhoneSimulator
		Debug|iPhone = Debug|iPhone
		Debug|Any CPU = Debug|Any CPU
		Release|Any CPU = Release|Any CPU
	EndGlobalSection
	GlobalSection(ProjectConfigurationPlatforms) = postSolution
		{8C3A527E-AE5B-4BAF-8702-C29F3CFD2374}.Debug|Any CPU.ActiveCfg = Debug|iPhoneSimulator
		{8C3A527E-AE5B-4BAF-8702-C29F3CFD2374}.Debug|Any CPU.Build.0 = Debug|iPhoneSimulator
		{8C3A527E-AE5B-4BAF-8702-C29F3CFD2374}.Debug|iPhone.ActiveCfg = Debug|iPhone
		{8C3A527E-AE5B-4BAF-8702-C29F3CFD2374}.Debug|iPhone.Build.0 = Debug|iPhone
		{8C3A527E-AE5B-4BAF-8702-C29F3CFD2374}.Debug|iPhoneSimulator.ActiveCfg = Debug|iPhoneSimulator
		{8C3A527E-AE5B-4BAF-8702-C29F3CFD2374}.Debug|iPhoneSimulator.Build.0 = Debug|iPhoneSimulator
		{8C3A527E-AE5B-4BAF-8702-C29F3CFD2374}.Release|Any CPU.ActiveCfg = Release|iPhone
		{8C3A527E-AE5B-4BAF-8702-C29F3CFD2374}.Release|Any CPU.Build.0 = Release|iPhone
		{8C3A527E-AE5B-4BAF-8702-C29F3CFD2374}.Release|iPhone.ActiveCfg = Release|iPhone
		{8C3A527E-AE5B-4BAF-8702-C29F3CFD2374}.Release|iPhone.Build.0 = Release|iPhone
		{8C3A527E-AE5B-4BAF-8702-C29F3CFD2374}.Release|iPhoneSimulator.ActiveCfg = Release|iPhoneSimulator
		{8C3A527E-AE5B-4BAF-8702-C29F3CFD2374}.Release|iPhoneSimulator.Build.0 = Release|iPhoneSimulator
		{DA120762-B819-41A4-A00D-8DF8912B25B3}.Debug|Any CPU.ActiveCfg = Debug|Any CPU
		{DA120762-B819-41A4-A00D-8DF8912B25B3}.Debug|Any CPU.Build.0 = Debug|Any CPU
		{DA120762-B819-41A4-A00D-8DF8912B25B3}.Debug|iPhone.ActiveCfg = Debug|Any CPU
		{DA120762-B819-41A4-A00D-8DF8912B25B3}.Debug|iPhone.Build.0 = Debug|Any CPU
		{DA120762-B819-41A4-A00D-8DF8912B25B3}.Debug|iPhoneSimulator.ActiveCfg = Debug|Any CPU
		{DA120762-B819-41A4-A00D-8DF8912B25B3}.Debug|iPhoneSimulator.Build.0 = Debug|Any CPU
		{DA120762-B819-41A4-A00D-8DF8912B25B3}.Release|Any CPU.ActiveCfg = Release|Any CPU
		{DA120762-B819-41A4-A00D-8DF8912B25B3}.Release|Any CPU.Build.0 = Release|Any CPU
		{DA120762-B819-41A4-A00D-8DF8912B25B3}.Release|iPhone.ActiveCfg = Release|Any CPU
		{DA120762-B819-41A4-A00D-8DF8912B25B3}.Release|iPhone.Build.0 = Release|Any CPU
		{DA120762-B819-41A4-A00D-8DF8912B25B3}.Release|iPhoneSimulator.ActiveCfg = Release|Any CPU
		{DA120762-B819-41A4-A00D-8DF8912B25B3}.Release|iPhoneSimulator.Build.0 = Release|Any CPU
	EndGlobalSection
EndGlobal
