
Microsoft Visual Studio Solution File, Format Version 12.00
# Visual Studio 2012
Project("{FAE04EC0-301F-11D3-BF4B-00C04F79EFBC}") = "MovieExplorer", "MovieExplorer\MovieExplorer.csproj", "{5F6BAD4F-658F-497D-AB31-CC417BB97BEC}"
EndProject
Project("{FAE04EC0-301F-11D3-BF4B-00C04F79EFBC}") = "MovieExplorer.UITests", "MovieExplorer.UITests\MovieExplorer.UITests.csproj", "{DC1F06BB-B3EA-41BB-ABA2-A8AAE2607EE8}"
EndProject
Global
	GlobalSection(SolutionConfigurationPlatforms) = preSolution
		Debug|iPhoneSimulator = Debug|iPhoneSimulator
		Release|iPhone = Release|iPhone
		Release|iPhoneSimulator = Release|iPhoneSimulator
		Debug|iPhone = Debug|iPhone
		Debug|Any CPU = Debug|Any CPU
		Release|Any CPU = Release|Any CPU
	EndGlobalSection
	GlobalSection(ProjectConfigurationPlatforms) = postSolution
		{5F6BAD4F-658F-497D-AB31-CC417BB97BEC}.Debug|Any CPU.ActiveCfg = Debug|iPhoneSimulator
		{5F6BAD4F-658F-497D-AB31-CC417BB97BEC}.Debug|Any CPU.Build.0 = Debug|iPhoneSimulator
		{5F6BAD4F-658F-497D-AB31-CC417BB97BEC}.Debug|iPhone.ActiveCfg = Debug|iPhone
		{5F6BAD4F-658F-497D-AB31-CC417BB97BEC}.Debug|iPhone.Build.0 = Debug|iPhone
		{5F6BAD4F-658F-497D-AB31-CC417BB97BEC}.Debug|iPhoneSimulator.ActiveCfg = Debug|iPhoneSimulator
		{5F6BAD4F-658F-497D-AB31-CC417BB97BEC}.Debug|iPhoneSimulator.Build.0 = Debug|iPhoneSimulator
		{5F6BAD4F-658F-497D-AB31-CC417BB97BEC}.Release|Any CPU.ActiveCfg = Release|iPhone
		{5F6BAD4F-658F-497D-AB31-CC417BB97BEC}.Release|Any CPU.Build.0 = Release|iPhone
		{5F6BAD4F-658F-497D-AB31-CC417BB97BEC}.Release|iPhone.ActiveCfg = Release|iPhone
		{5F6BAD4F-658F-497D-AB31-CC417BB97BEC}.Release|iPhone.Build.0 = Release|iPhone
		{5F6BAD4F-658F-497D-AB31-CC417BB97BEC}.Release|iPhoneSimulator.ActiveCfg = Release|iPhoneSimulator
		{5F6BAD4F-658F-497D-AB31-CC417BB97BEC}.Release|iPhoneSimulator.Build.0 = Release|iPhoneSimulator
		{DC1F06BB-B3EA-41BB-ABA2-A8AAE2607EE8}.Debug|Any CPU.ActiveCfg = Debug|Any CPU
		{DC1F06BB-B3EA-41BB-ABA2-A8AAE2607EE8}.Debug|Any CPU.Build.0 = Debug|Any CPU
		{DC1F06BB-B3EA-41BB-ABA2-A8AAE2607EE8}.Debug|iPhone.ActiveCfg = Debug|Any CPU
		{DC1F06BB-B3EA-41BB-ABA2-A8AAE2607EE8}.Debug|iPhone.Build.0 = Debug|Any CPU
		{DC1F06BB-B3EA-41BB-ABA2-A8AAE2607EE8}.Debug|iPhoneSimulator.ActiveCfg = Debug|Any CPU
		{DC1F06BB-B3EA-41BB-ABA2-A8AAE2607EE8}.Debug|iPhoneSimulator.Build.0 = Debug|Any CPU
		{DC1F06BB-B3EA-41BB-ABA2-A8AAE2607EE8}.Release|Any CPU.ActiveCfg = Release|Any CPU
		{DC1F06BB-B3EA-41BB-ABA2-A8AAE2607EE8}.Release|Any CPU.Build.0 = Release|Any CPU
		{DC1F06BB-B3EA-41BB-ABA2-A8AAE2607EE8}.Release|iPhone.ActiveCfg = Release|Any CPU
		{DC1F06BB-B3EA-41BB-ABA2-A8AAE2607EE8}.Release|iPhone.Build.0 = Release|Any CPU
		{DC1F06BB-B3EA-41BB-ABA2-A8AAE2607EE8}.Release|iPhoneSimulator.ActiveCfg = Release|Any CPU
		{DC1F06BB-B3EA-41BB-ABA2-A8AAE2607EE8}.Release|iPhoneSimulator.Build.0 = Release|Any CPU
	EndGlobalSection
EndGlobal
